
Microsoft Visual Studio Solution File, Format Version 12.00
# Visual Studio Version 17
VisualStudioVersion = 17.13.35825.156 d17.13
MinimumVisualStudioVersion = 10.0.40219.1
Project("{FAE04EC0-301F-11D3-BF4B-00C04F79EFBC}") = "Project1", "Project1\Project1.csproj", "{00DC3DFB-AF35-4AA7-83AB-9F5B018B85E0}"
EndProject
Global
	GlobalSection(SolutionConfigurationPlatforms) = preSolution
		Debug|Any CPU = Debug|Any CPU
		Release|Any CPU = Release|Any CPU
	EndGlobalSection
	GlobalSection(ProjectConfigurationPlatforms) = postSolution
		{00DC3DFB-AF35-4AA7-83AB-9F5B018B85E0}.Debug|Any CPU.ActiveCfg = Debug|Any CPU
		{00DC3DFB-AF35-4AA7-83AB-9F5B018B85E0}.Debug|Any CPU.Build.0 = Debug|Any CPU
		{00DC3DFB-AF35-4AA7-83AB-9F5B018B85E0}.Release|Any CPU.ActiveCfg = Release|Any CPU
		{00DC3DFB-AF35-4AA7-83AB-9F5B018B85E0}.Release|Any CPU.Build.0 = Release|Any CPU
	EndGlobalSection
	GlobalSection(SolutionProperties) = preSolution
		HideSolutionNode = FALSE
	EndGlobalSection
	GlobalSection(ExtensibilityGlobals) = postSolution
		SolutionGuid = {EB175DFE-1E90-44BB-8915-73A1E8706517}
	EndGlobalSection
EndGlobal
